
Microsoft Visual Studio Solution File, Format Version 12.00
# Visual Studio Version 17
VisualStudioVersion = 17.12.35707.178 d17.12
MinimumVisualStudioVersion = 10.0.40219.1
Project("{FAE04EC0-301F-11D3-BF4B-00C04F79EFBC}") = "IntusWindowsTestTask.Server", "IntusWindowsTestTask.Server\IntusWindowsTestTask.Server.csproj", "{37AEF0F3-5AED-403A-AE49-C6A2D5409AF0}"
EndProject
Project("{54A90642-561A-4BB1-A94E-469ADEE60C69}") = "intuswindowstesttask.client", "intuswindowstesttask.client\intuswindowstesttask.client.esproj", "{AD09A208-135A-4C7C-AA1A-F01D3F6C7C1C}"
EndProject
Global
	GlobalSection(SolutionConfigurationPlatforms) = preSolution
		Debug|Any CPU = Debug|Any CPU
		Release|Any CPU = Release|Any CPU
	EndGlobalSection
	GlobalSection(ProjectConfigurationPlatforms) = postSolution
		{37AEF0F3-5AED-403A-AE49-C6A2D5409AF0}.Debug|Any CPU.ActiveCfg = Debug|Any CPU
		{37AEF0F3-5AED-403A-AE49-C6A2D5409AF0}.Debug|Any CPU.Build.0 = Debug|Any CPU
		{37AEF0F3-5AED-403A-AE49-C6A2D5409AF0}.Release|Any CPU.ActiveCfg = Release|Any CPU
		{37AEF0F3-5AED-403A-AE49-C6A2D5409AF0}.Release|Any CPU.Build.0 = Release|Any CPU
		{AD09A208-135A-4C7C-AA1A-F01D3F6C7C1C}.Debug|Any CPU.ActiveCfg = Debug|Any CPU
		{AD09A208-135A-4C7C-AA1A-F01D3F6C7C1C}.Debug|Any CPU.Build.0 = Debug|Any CPU
		{AD09A208-135A-4C7C-AA1A-F01D3F6C7C1C}.Debug|Any CPU.Deploy.0 = Debug|Any CPU
		{AD09A208-135A-4C7C-AA1A-F01D3F6C7C1C}.Release|Any CPU.ActiveCfg = Release|Any CPU
		{AD09A208-135A-4C7C-AA1A-F01D3F6C7C1C}.Release|Any CPU.Build.0 = Release|Any CPU
		{AD09A208-135A-4C7C-AA1A-F01D3F6C7C1C}.Release|Any CPU.Deploy.0 = Release|Any CPU
	EndGlobalSection
	GlobalSection(SolutionProperties) = preSolution
		HideSolutionNode = FALSE
	EndGlobalSection
EndGlobal
